hash: 82878b938b3d6c91f3218a2b3dc310320cc0a6b9e5b7d3344c6a31dc07024948
updated: 2016-09-13T16:56:14.320653396-07:00
imports:
- name: github.com/google/go-github
  version: a59a35745f99ad92d70d69a9f180767063aa4bf3
  subpackages:
  - github
- name: github.com/google/go-querystring
  version: 9235644dd9e52eeae6fa48efd539fdc351a0af53
  subpackages:
  - query
- name: github.com/kelseyhightower/envconfig
  version: ac12b1f15efba734211a556d8b125110dc538016
testImports: []
